
Microsoft Visual Studio Solution File, Format Version 12.00
# Visual Studio Version 16
VisualStudioVersion = 16.0.31624.102
MinimumVisualStudioVersion = 10.0.40219.1
Project("{9A19103F-16F7-4668-BE54-9A1E7A4F7556}") = "Service", "Service\Service.csproj", "{B41CB5E7-D1C7-4903-B4A4-E1190BF3C2D3}"
EndProject
Project("{9A19103F-16F7-4668-BE54-9A1E7A4F7556}") = "Management", "Management\Management.csproj", "{915E4900-09BA-4CB7-BC42-39A50DDE0FFE}"
EndProject
Project("{9A19103F-16F7-4668-BE54-9A1E7A4F7556}") = "Storage", "Storage\Storage.csproj", "{17A0F355-9A75-43FB-AAAC-5EB48FB41B73}"
EndProject
Project("{9A19103F-16F7-4668-BE54-9A1E7A4F7556}") = "Common", "Common\Common.csproj", "{212E5E0F-CEDC-4288-A253-D155A4FF01A4}"
EndProject
Project("{9A19103F-16F7-4668-BE54-9A1E7A4F7556}") = "Test", "Test\Test.csproj", "{664F8F38-0264-4375-B6BB-62B27C7F9547}"
EndProject
Project("{2150E333-8FDC-42A3-9474-1A3956D46DE8}") = "Solution Items", "Solution Items", "{CA8AB581-E47C-46F9-9F42-DC420489D34A}"
	ProjectSection(SolutionItems) = preProject
		.editorconfig = .editorconfig
	EndProjectSection
EndProject
Global
	GlobalSection(SolutionConfigurationPlatforms) = preSolution
		Debug|Any CPU = Debug|Any CPU
		Release|Any CPU = Release|Any CPU
	EndGlobalSection
	GlobalSection(ProjectConfigurationPlatforms) = postSolution
		{B41CB5E7-D1C7-4903-B4A4-E1190BF3C2D3}.Debug|Any CPU.ActiveCfg = Debug|Any CPU
		{B41CB5E7-D1C7-4903-B4A4-E1190BF3C2D3}.Debug|Any CPU.Build.0 = Debug|Any CPU
		{B41CB5E7-D1C7-4903-B4A4-E1190BF3C2D3}.Release|Any CPU.ActiveCfg = Release|Any CPU
		{B41CB5E7-D1C7-4903-B4A4-E1190BF3C2D3}.Release|Any CPU.Build.0 = Release|Any CPU
		{915E4900-09BA-4CB7-BC42-39A50DDE0FFE}.Debug|Any CPU.ActiveCfg = Debug|Any CPU
		{915E4900-09BA-4CB7-BC42-39A50DDE0FFE}.Debug|Any CPU.Build.0 = Debug|Any CPU
		{915E4900-09BA-4CB7-BC42-39A50DDE0FFE}.Release|Any CPU.ActiveCfg = Release|Any CPU
		{915E4900-09BA-4CB7-BC42-39A50DDE0FFE}.Release|Any CPU.Build.0 = Release|Any CPU
		{17A0F355-9A75-43FB-AAAC-5EB48FB41B73}.Debug|Any CPU.ActiveCfg = Debug|Any CPU
		{17A0F355-9A75-43FB-AAAC-5EB48FB41B73}.Debug|Any CPU.Build.0 = Debug|Any CPU
		{17A0F355-9A75-43FB-AAAC-5EB48FB41B73}.Release|Any CPU.ActiveCfg = Release|Any CPU
		{17A0F355-9A75-43FB-AAAC-5EB48FB41B73}.Release|Any CPU.Build.0 = Release|Any CPU
		{212E5E0F-CEDC-4288-A253-D155A4FF01A4}.Debug|Any CPU.ActiveCfg = Debug|Any CPU
		{212E5E0F-CEDC-4288-A253-D155A4FF01A4}.Debug|Any CPU.Build.0 = Debug|Any CPU
		{212E5E0F-CEDC-4288-A253-D155A4FF01A4}.Release|Any CPU.ActiveCfg = Release|Any CPU
		{212E5E0F-CEDC-4288-A253-D155A4FF01A4}.Release|Any CPU.Build.0 = Release|Any CPU
		{664F8F38-0264-4375-B6BB-62B27C7F9547}.Debug|Any CPU.ActiveCfg = Debug|Any CPU
		{664F8F38-0264-4375-B6BB-62B27C7F9547}.Debug|Any CPU.Build.0 = Debug|Any CPU
		{664F8F38-0264-4375-B6BB-62B27C7F9547}.Release|Any CPU.ActiveCfg = Release|Any CPU
		{664F8F38-0264-4375-B6BB-62B27C7F9547}.Release|Any CPU.Build.0 = Release|Any CPU
	EndGlobalSection
	GlobalSection(SolutionProperties) = preSolution
		HideSolutionNode = FALSE
	EndGlobalSection
	GlobalSection(ExtensibilityGlobals) = postSolution
		SolutionGuid = {C110832F-63EB-4882-A579-AC9236CF285F}
	EndGlobalSection
EndGlobal
